{
  "name": "lumos-language-enhanced",
  "version": "2.0.0",
  "lockfileVersion": 3,
  "requires": true,
  "packages": {
    "": {
      "name": "lumos-language-enhanced",
      "version": "2.0.0",
      "license": "MIT",
      "bin": {
        "lumos": "index.cjs"
      },
      "engines": {
        "node": ">=14.0.0"
      }
    }
  }
}
